
Microsoft Visual Studio Solution File, Format Version 12.00
# Visual Studio Version 17
VisualStudioVersion = 17.0.32112.339
MinimumVisualStudioVersion = 10.0.40219.1
Project("{FAE04EC0-301F-11D3-BF4B-00C04F79EFBC}") = "BasicChromeDriverDetectionPatch", "BasicChromeDriverDetectionPatch\BasicChromeDriverDetectionPatch.csproj", "{F248F80C-4F89-4BFF-AD5B-5094E712C1BA}"
EndProject
Global
	GlobalSection(SolutionConfigurationPlatforms) = preSolution
		Debug|Any CPU = Debug|Any CPU
		Release|Any CPU = Release|Any CPU
	EndGlobalSection
	GlobalSection(ProjectConfigurationPlatforms) = postSolution
		{F248F80C-4F89-4BFF-AD5B-5094E712C1BA}.Debug|Any CPU.ActiveCfg = Debug|Any CPU
		{F248F80C-4F89-4BFF-AD5B-5094E712C1BA}.Debug|Any CPU.Build.0 = Debug|Any CPU
		{F248F80C-4F89-4BFF-AD5B-5094E712C1BA}.Release|Any CPU.ActiveCfg = Release|Any CPU
		{F248F80C-4F89-4BFF-AD5B-5094E712C1BA}.Release|Any CPU.Build.0 = Release|Any CPU
	EndGlobalSection
	GlobalSection(SolutionProperties) = preSolution
		HideSolutionNode = FALSE
	EndGlobalSection
	GlobalSection(ExtensibilityGlobals) = postSolution
		SolutionGuid = {2DAE7423-1720-4CA5-8221-DE10E977E833}
	EndGlobalSection
EndGlobal
